<?xml version="1.0" encoding="utf-8"?>
<Project ToolsVersion="4.0" xmlns="http://schemas.microsoft.com/developer/msbuild/2003">
  <ItemGroup>
    <Filter Include="Source Files">
      <UniqueIdentifier>{4FC737F1-C7A5-4376-A066-2A32D752A2FF}</UniqueIdentifier>
      <Extensions>cpp;c;cc;cxx;c++;cppm;ixx;def;odl;idl;hpj;bat;asm;asmx</Extensions>
    </Filter>
    <Filter Include="Header Files">
      <UniqueIdentifier>{93995380-89BD-4b04-88EB-625FBE52EBFB}</UniqueIdentifier>
      <Extensions>h;hh;hpp;hxx;h++;hm;inl;inc;ipp;xsd</Extensions>
    </Filter>
    <Filter Include="Resource Files">
      <UniqueIdentifier>{67DA6AB6-F800-4c08-8B7A-83BB121AAD01}</UniqueIdentifier>
      <Extensions>rc;ico;cur;bmp;dlg;rc2;rct;bin;rgs;gif;jpg;jpeg;jpe;resx;tiff;tif;png;wav;mfcribbon-ms</Extensions>
    </Filter>
  </ItemGroup>
  <ItemGroup>
    <ClCompile Include="Source.cpp">
      <Filter>Source Files</Filter>
    </ClCompile>
    <ClCompile Include="external\glad.c">
      <Filter>Source Files</Filter>
    </ClCompile>
    <ClCompile Include="renderer\shader.cpp">
      <Filter>Source Files</Filter>
    </ClCompile>
    <ClCompile Include="renderer\texture.cpp">
      <Filter>Source Files</Filter>
    </ClCompile>
    <ClCompile Include="renderer\Window.cpp">
      <Filter>Source Files</Filter>
    </ClCompile>
    <ClCompile Include="util\userinput.cpp">
      <Filter>Source Files</Filter>
    </ClCompile>
    <ClCompile Include="renderer\renderer.cpp">
      <Filter>Source Files</Filter>
    </ClCompile>
    <ClCompile Include="game\camera.cpp">
      <Filter>Source Files</Filter>
    </ClCompile>
    <ClCompile Include="world\chunk.cpp">
      <Filter>Source Files</Filter>
    </ClCompile>
    <ClCompile Include="block\block.cpp">
      <Filter>Source Files</Filter>
    </ClCompile>
    <ClCompile Include="world\grid.cpp">
      <Filter>Source Files</Filter>
    </ClCompile>
    <ClCompile Include="game\aabb.cpp">
      <Filter>Source Files</Filter>
    </ClCompile>
    <ClCompile Include="util\random.cpp">
      <Filter>Source Files</Filter>
    </ClCompile>
    <ClCompile Include="game\collision.cpp">
      <Filter>Source Files</Filter>
    </ClCompile>
    <ClCompile Include="game\component.cpp">
      <Filter>Source Files</Filter>
    </ClCompile>
    <ClCompile Include="game\gameobject.cpp">
      <Filter>Source Files</Filter>
    </ClCompile>
    <ClCompile Include="renderer\blockrender.cpp">
      <Filter>Source Files</Filter>
    </ClCompile>
    <ClCompile Include="renderer\chunkrender.cpp">
      <Filter>Source Files</Filter>
    </ClCompile>
    <ClCompile Include="util\debug.cpp">
      <Filter>Source Files</Filter>
    </ClCompile>
    <ClCompile Include="world\voxeltraversal.cpp">
      <Filter>Source Files</Filter>
    </ClCompile>
    <ClCompile Include="world\managegrid.cpp">
      <Filter>Source Files</Filter>
    </ClCompile>
    <ClCompile Include="renderer\uirender.cpp">
      <Filter>Source Files</Filter>
    </ClCompile>
    <ClCompile Include="world\noise.cpp">
      <Filter>Source Files</Filter>
    </ClCompile>
    <ClCompile Include="util\fileloader.cpp">
      <Filter>Source Files</Filter>
    </ClCompile>
    <ClCompile Include="mesh.cpp">
      <Filter>Source Files</Filter>
    </ClCompile>
  </ItemGroup>
  <ItemGroup>
    <ClInclude Include="util\vector3.h">
      <Filter>Header Files</Filter>
    </ClInclude>
    <ClInclude Include="renderer\shader.h">
      <Filter>Header Files</Filter>
    </ClInclude>
    <ClInclude Include="external\stb_image.h">
      <Filter>Header Files</Filter>
    </ClInclude>
    <ClInclude Include="renderer\texture.h">
      <Filter>Header Files</Filter>
    </ClInclude>
    <ClInclude Include="renderer\Window.h">
      <Filter>Source Files</Filter>
    </ClInclude>
    <ClInclude Include="util\userinput.h">
      <Filter>Source Files</Filter>
    </ClInclude>
    <ClInclude Include="util\dynamicarray.h">
      <Filter>Source Files</Filter>
    </ClInclude>
    <ClInclude Include="game\camera.h">
      <Filter>Source Files</Filter>
    </ClInclude>
    <ClInclude Include="renderer\renderer.h">
      <Filter>Source Files</Filter>
    </ClInclude>
    <ClInclude Include="block\block.h">
      <Filter>Source Files</Filter>
    </ClInclude>
    <ClInclude Include="world\chunk.h">
      <Filter>Header Files</Filter>
    </ClInclude>
    <ClInclude Include="util\vector2.h">
      <Filter>Header Files</Filter>
    </ClInclude>
    <ClInclude Include="world\grid.h">
      <Filter>Header Files</Filter>
    </ClInclude>
    <ClInclude Include="game\aabb.h">
      <Filter>Header Files</Filter>
    </ClInclude>
    <ClInclude Include="util\random.h">
      <Filter>Header Files</Filter>
    </ClInclude>
    <ClInclude Include="game\collision.h">
      <Filter>Header Files</Filter>
    </ClInclude>
    <ClInclude Include="game\component.h">
      <Filter>Header Files</Filter>
    </ClInclude>
    <ClInclude Include="game\gameobject.h">
      <Filter>Header Files</Filter>
    </ClInclude>
    <ClInclude Include="game\objecthelper.h">
      <Filter>Header Files</Filter>
    </ClInclude>
    <ClInclude Include="game\entity.h">
      <Filter>Header Files</Filter>
    </ClInclude>
    <ClInclude Include="util\ray.h">
      <Filter>Header Files</Filter>
    </ClInclude>
    <ClInclude Include="renderer\vertexobject.h">
      <Filter>Header Files</Filter>
    </ClInclude>
    <ClInclude Include="world\noise.h">
      <Filter>Header Files</Filter>
    </ClInclude>
    <ClInclude Include="util\time.h">
      <Filter>Header Files</Filter>
    </ClInclude>
    <ClInclude Include="renderer\blockrender.h">
      <Filter>Header Files</Filter>
    </ClInclude>
    <ClInclude Include="util\debug.h">
      <Filter>Header Files</Filter>
    </ClInclude>
    <ClInclude Include="renderer\algorthm.h">
      <Filter>Header Files</Filter>
    </ClInclude>
    <ClInclude Include="util\mathutil.h">
      <Filter>Header Files</Filter>
    </ClInclude>
    <ClInclude Include="renderer\chunkrender.h">
      <Filter>Header Files</Filter>
    </ClInclude>
    <ClInclude Include="world\voxeltraversal.h">
      <Filter>Header Files</Filter>
    </ClInclude>
    <ClInclude Include="util\dir.h">
      <Filter>Header Files</Filter>
    </ClInclude>
    <ClInclude Include="world\managegrid.h">
      <Filter>Header Files</Filter>
    </ClInclude>
    <ClInclude Include="util\queue.h">
      <Filter>Header Files</Filter>
    </ClInclude>
    <ClInclude Include="rigidbody.h">
      <Filter>Header Files</Filter>
    </ClInclude>
    <ClInclude Include="game\playermovment.h">
      <Filter>Header Files</Filter>
    </ClInclude>
    <ClInclude Include="renderer\uirender.h">
      <Filter>Header Files</Filter>
    </ClInclude>
    <ClInclude Include="cone.h">
      <Filter>Header Files</Filter>
    </ClInclude>
    <ClInclude Include="playermodification.h">
      <Filter>Header Files</Filter>
    </ClInclude>
    <ClInclude Include="util\fileloader.h">
      <Filter>Header Files</Filter>
    </ClInclude>
    <ClInclude Include="particles.h">
      <Filter>Header Files</Filter>
    </ClInclude>
    <ClInclude Include="model.h">
      <Filter>Header Files</Filter>
    </ClInclude>
    <ClInclude Include="game\entitystate.h">
      <Filter>Header Files</Filter>
    </ClInclude>
    <ClInclude Include="game\storagecomp.h">
      <Filter>Header Files</Filter>
    </ClInclude>
    <ClInclude Include="shareptr.h">
      <Filter>Header Files</Filter>
    </ClInclude>
    <ClInclude Include="mesh.h">
      <Filter>Header Files</Filter>
    </ClInclude>
  </ItemGroup>
  <ItemGroup>
    <None Include="frag1.vs">
      <Filter>Source Files</Filter>
    </None>
    <None Include="vert1.vs">
      <Filter>Source Files</Filter>
    </None>
    <None Include="uivertex.vs" />
    <None Include="uifragment.vs" />
    <None Include="renderer\particlevertex.vs" />
    <None Include="renderer\particlefragment.vs" />
    <None Include="modelvertex.vs" />
    <None Include="modelfragment.vs" />
  </ItemGroup>
</Project>