<?xml version="1.0" encoding="utf-8"?>
<Project ToolsVersion="4.0" xmlns="http://schemas.microsoft.com/developer/msbuild/2003">
  <ItemGroup>
    <Filter Include="Source Files">
      <UniqueIdentifier>{4FC737F1-C7A5-4376-A066-2A32D752A2FF}</UniqueIdentifier>
      <Extensions>cpp;c;cc;cxx;c++;cppm;ixx;def;odl;idl;hpj;bat;asm;asmx</Extensions>
    </Filter>
    <Filter Include="Header Files">
      <UniqueIdentifier>{93995380-89BD-4b04-88EB-625FBE52EBFB}</UniqueIdentifier>
      <Extensions>h;hh;hpp;hxx;h++;hm;inl;inc;ipp;xsd</Extensions>
    </Filter>
    <Filter Include="Resource Files">
      <UniqueIdentifier>{67DA6AB6-F800-4c08-8B7A-83BB121AAD01}</UniqueIdentifier>
      <Extensions>rc;ico;cur;bmp;dlg;rc2;rct;bin;rgs;gif;jpg;jpeg;jpe;resx;tiff;tif;png;wav;mfcribbon-ms</Extensions>
    </Filter>
  </ItemGroup>
  <ItemGroup>
    <ClCompile Include="Source.cpp">
      <Filter>Source Files</Filter>
    </ClCompile>
    <ClCompile Include="external\glad.c">
      <Filter>Source Files</Filter>
    </ClCompile>
    <ClCompile Include="renderer\shader.cpp">
      <Filter>Source Files</Filter>
    </ClCompile>
    <ClCompile Include="renderer\texture.cpp">
      <Filter>Source Files</Filter>
    </ClCompile>
    <ClCompile Include="renderer\Window.cpp">
      <Filter>Source Files</Filter>
    </ClCompile>
    <ClCompile Include="util\userinput.cpp">
      <Filter>Source Files</Filter>
    </ClCompile>
    <ClCompile Include="renderer\renderer.cpp">
      <Filter>Source Files</Filter>
    </ClCompile>
    <ClCompile Include="game\camera.cpp">
      <Filter>Source Files</Filter>
    </ClCompile>
    <ClCompile Include="world\chunk.cpp">
      <Filter>Source Files</Filter>
    </ClCompile>
    <ClCompile Include="block\block.cpp">
      <Filter>Source Files</Filter>
    </ClCompile>
    <ClCompile Include="world\grid.cpp">
      <Filter>Source Files</Filter>
    </ClCompile>
    <ClCompile Include="game\aabb.cpp">
      <Filter>Source Files</Filter>
    </ClCompile>
    <ClCompile Include="util\random.cpp">
      <Filter>Source Files</Filter>
    </ClCompile>
    <ClCompile Include="game\collision.cpp">
      <Filter>Source Files</Filter>
    </ClCompile>
    <ClCompile Include="game\component.cpp">
      <Filter>Source Files</Filter>
    </ClCompile>
    <ClCompile Include="game\gameobject.cpp">
      <Filter>Source Files</Filter>
    </ClCompile>
    <ClCompile Include="renderer\blockrender.cpp">
      <Filter>Source Files</Filter>
    </ClCompile>
    <ClCompile Include="renderer\chunkrender.cpp">
      <Filter>Source Files</Filter>
    </ClCompile>
    <ClCompile Include="util\debug.cpp">
      <Filter>Source Files</Filter>
    </ClCompile>
    <ClCompile Include="world\voxeltraversal.cpp">
      <Filter>Source Files</Filter>
    </ClCompile>
    <ClCompile Include="world\managegrid.cpp">
      <Filter>Source Files</Filter>
    </ClCompile>
    <ClCompile Include="renderer\uirender.cpp">
      <Filter>Source Files</Filter>
    </ClCompile>
    <ClCompile Include="world\noise.cpp">
      <Filter>Source Files</Filter>
    </ClCompile>
    <ClCompile Include="util\fileloader.cpp">
      <Filter>Source Files</Filter>
    </ClCompile>
    <ClCompile Include="player\player.cpp">
      <Filter>Source Files</Filter>
    </ClCompile>
    <ClCompile Include="util\time.cpp">
      <Filter>Source Files</Filter>
    </ClCompile>
    <ClCompile Include="util\geometry.cpp">
      <Filter>Source Files</Filter>
    </ClCompile>
    <ClCompile Include="game\entity.cpp">
      <Filter>Source Files</Filter>
    </ClCompile>
    <ClCompile Include="items\menu.cpp">
      <Filter>Source Files</Filter>
    </ClCompile>
    <ClCompile Include="player\playerinventory.cpp">
      <Filter>Source Files</Filter>
    </ClCompile>
    <ClCompile Include="items\item.cpp">
      <Filter>Source Files</Filter>
    </ClCompile>
    <ClCompile Include="items\recipe.cpp">
      <Filter>Source Files</Filter>
    </ClCompile>
    <ClCompile Include="renderer\mesh.cpp">
      <Filter>Source Files</Filter>
    </ClCompile>
    <ClCompile Include="game\particles.cpp">
      <Filter>Source Files</Filter>
    </ClCompile>
    <ClCompile Include="renderer\textrender.cpp">
      <Filter>Source Files</Filter>
    </ClCompile>
    <ClCompile Include="game\transform.cpp">
      <Filter>Source Files</Filter>
    </ClCompile>
    <ClCompile Include="renderer\model.cpp">
      <Filter>Source Files</Filter>
    </ClCompile>
    <ClCompile Include="items\Container.cpp">
      <Filter>Source Files</Filter>
    </ClCompile>
    <ClCompile Include="game\navigation.cpp">
      <Filter>Source Files</Filter>
    </ClCompile>
    <ClCompile Include="items\itemslot.cpp">
      <Filter>Source Files</Filter>
    </ClCompile>
    <ClCompile Include="entities\slime.cpp">
      <Filter>Source Files</Filter>
    </ClCompile>
    <ClCompile Include="world\chunkload.cpp">
      <Filter>Source Files</Filter>
    </ClCompile>
  </ItemGroup>
  <ItemGroup>
    <ClInclude Include="util\vector3.h">
      <Filter>Header Files</Filter>
    </ClInclude>
    <ClInclude Include="renderer\shader.h">
      <Filter>Header Files</Filter>
    </ClInclude>
    <ClInclude Include="external\stb_image.h">
      <Filter>Header Files</Filter>
    </ClInclude>
    <ClInclude Include="renderer\texture.h">
      <Filter>Header Files</Filter>
    </ClInclude>
    <ClInclude Include="renderer\Window.h">
      <Filter>Source Files</Filter>
    </ClInclude>
    <ClInclude Include="util\userinput.h">
      <Filter>Source Files</Filter>
    </ClInclude>
    <ClInclude Include="util\dynamicarray.h">
      <Filter>Source Files</Filter>
    </ClInclude>
    <ClInclude Include="game\camera.h">
      <Filter>Source Files</Filter>
    </ClInclude>
    <ClInclude Include="renderer\renderer.h">
      <Filter>Source Files</Filter>
    </ClInclude>
    <ClInclude Include="block\block.h">
      <Filter>Source Files</Filter>
    </ClInclude>
    <ClInclude Include="world\chunk.h">
      <Filter>Header Files</Filter>
    </ClInclude>
    <ClInclude Include="util\vector2.h">
      <Filter>Header Files</Filter>
    </ClInclude>
    <ClInclude Include="world\grid.h">
      <Filter>Header Files</Filter>
    </ClInclude>
    <ClInclude Include="game\aabb.h">
      <Filter>Header Files</Filter>
    </ClInclude>
    <ClInclude Include="util\random.h">
      <Filter>Header Files</Filter>
    </ClInclude>
    <ClInclude Include="game\collision.h">
      <Filter>Header Files</Filter>
    </ClInclude>
    <ClInclude Include="game\component.h">
      <Filter>Header Files</Filter>
    </ClInclude>
    <ClInclude Include="game\gameobject.h">
      <Filter>Header Files</Filter>
    </ClInclude>
    <ClInclude Include="game\objecthelper.h">
      <Filter>Header Files</Filter>
    </ClInclude>
    <ClInclude Include="game\entity.h">
      <Filter>Header Files</Filter>
    </ClInclude>
    <ClInclude Include="util\ray.h">
      <Filter>Header Files</Filter>
    </ClInclude>
    <ClInclude Include="renderer\vertexobject.h">
      <Filter>Header Files</Filter>
    </ClInclude>
    <ClInclude Include="world\noise.h">
      <Filter>Header Files</Filter>
    </ClInclude>
    <ClInclude Include="util\time.h">
      <Filter>Header Files</Filter>
    </ClInclude>
    <ClInclude Include="renderer\blockrender.h">
      <Filter>Header Files</Filter>
    </ClInclude>
    <ClInclude Include="util\debug.h">
      <Filter>Header Files</Filter>
    </ClInclude>
    <ClInclude Include="renderer\algorthm.h">
      <Filter>Header Files</Filter>
    </ClInclude>
    <ClInclude Include="util\mathutil.h">
      <Filter>Header Files</Filter>
    </ClInclude>
    <ClInclude Include="renderer\chunkrender.h">
      <Filter>Header Files</Filter>
    </ClInclude>
    <ClInclude Include="world\voxeltraversal.h">
      <Filter>Header Files</Filter>
    </ClInclude>
    <ClInclude Include="util\dir.h">
      <Filter>Header Files</Filter>
    </ClInclude>
    <ClInclude Include="world\managegrid.h">
      <Filter>Header Files</Filter>
    </ClInclude>
    <ClInclude Include="util\queue.h">
      <Filter>Header Files</Filter>
    </ClInclude>
    <ClInclude Include="renderer\uirender.h">
      <Filter>Header Files</Filter>
    </ClInclude>
    <ClInclude Include="util\fileloader.h">
      <Filter>Header Files</Filter>
    </ClInclude>
    <ClInclude Include="game\entitystate.h">
      <Filter>Header Files</Filter>
    </ClInclude>
    <ClInclude Include="block\air.h">
      <Filter>Header Files</Filter>
    </ClInclude>
    <ClInclude Include="block\blockinit.h">
      <Filter>Header Files</Filter>
    </ClInclude>
    <ClInclude Include="block\crystalore.h">
      <Filter>Header Files</Filter>
    </ClInclude>
    <ClInclude Include="block\treestone.h">
      <Filter>Header Files</Filter>
    </ClInclude>
    <ClInclude Include="block\glass.h">
      <Filter>Header Files</Filter>
    </ClInclude>
    <ClInclude Include="block\moss.h">
      <Filter>Header Files</Filter>
    </ClInclude>
    <ClInclude Include="block\stone.h">
      <Filter>Header Files</Filter>
    </ClInclude>
    <ClInclude Include="block\torch.h">
      <Filter>Header Files</Filter>
    </ClInclude>
    <ClInclude Include="block\water.h">
      <Filter>Header Files</Filter>
    </ClInclude>
    <ClInclude Include="block\wood.h">
      <Filter>Header Files</Filter>
    </ClInclude>
    <ClInclude Include="player\player.h">
      <Filter>Header Files</Filter>
    </ClInclude>
    <ClInclude Include="player\playerhealth.h">
      <Filter>Header Files</Filter>
    </ClInclude>
    <ClInclude Include="util\geometry.h">
      <Filter>Header Files</Filter>
    </ClInclude>
    <ClInclude Include="block\liquid.h">
      <Filter>Header Files</Filter>
    </ClInclude>
    <ClInclude Include="items\item.h">
      <Filter>Header Files</Filter>
    </ClInclude>
    <ClInclude Include="items\menu.h">
      <Filter>Header Files</Filter>
    </ClInclude>
    <ClInclude Include="player\playerinventory.h">
      <Filter>Header Files</Filter>
    </ClInclude>
    <ClInclude Include="items\Container.h">
      <Filter>Header Files</Filter>
    </ClInclude>
    <ClInclude Include="items\airitem.h">
      <Filter>Header Files</Filter>
    </ClInclude>
    <ClInclude Include="items\treestoneitem.h">
      <Filter>Header Files</Filter>
    </ClInclude>
    <ClInclude Include="items\itemutil.h">
      <Filter>Header Files</Filter>
    </ClInclude>
    <ClInclude Include="items\lavapickitem.h">
      <Filter>Header Files</Filter>
    </ClInclude>
    <ClInclude Include="items\stoneitem.h">
      <Filter>Header Files</Filter>
    </ClInclude>
    <ClInclude Include="items\sworditem.h">
      <Filter>Header Files</Filter>
    </ClInclude>
    <ClInclude Include="items\torchitem.h">
      <Filter>Header Files</Filter>
    </ClInclude>
    <ClInclude Include="player\playermodification.h">
      <Filter>Header Files</Filter>
    </ClInclude>
    <ClInclude Include="items\loottable.h">
      <Filter>Header Files</Filter>
    </ClInclude>
    <ClInclude Include="items\recipe.h">
      <Filter>Header Files</Filter>
    </ClInclude>
    <ClInclude Include="game\collutil.h">
      <Filter>Header Files</Filter>
    </ClInclude>
    <ClInclude Include="renderer\mesh.h">
      <Filter>Header Files</Filter>
    </ClInclude>
    <ClInclude Include="renderer\model.h">
      <Filter>Header Files</Filter>
    </ClInclude>
    <ClInclude Include="game\particles.h">
      <Filter>Header Files</Filter>
    </ClInclude>
    <ClInclude Include="renderer\textrender.h">
      <Filter>Header Files</Filter>
    </ClInclude>
    <ClInclude Include="game\rigidbody.h">
      <Filter>Header Files</Filter>
    </ClInclude>
    <ClInclude Include="game\transform.h">
      <Filter>Header Files</Filter>
    </ClInclude>
    <ClInclude Include="player\playerattack.h">
      <Filter>Header Files</Filter>
    </ClInclude>
    <ClInclude Include="block\craftingtable.h">
      <Filter>Header Files</Filter>
    </ClInclude>
    <ClInclude Include="player\playerplace.h">
      <Filter>Header Files</Filter>
    </ClInclude>
    <ClInclude Include="game\navigation.h">
      <Filter>Header Files</Filter>
    </ClInclude>
    <ClInclude Include="items\craftingtableitem.h">
      <Filter>Header Files</Filter>
    </ClInclude>
    <ClInclude Include="items\crystalitem.h">
      <Filter>Header Files</Filter>
    </ClInclude>
    <ClInclude Include="items\crystalpickinit.h">
      <Filter>Header Files</Filter>
    </ClInclude>
    <ClInclude Include="items\itemslot.h">
      <Filter>Header Files</Filter>
    </ClInclude>
    <ClInclude Include="items\rockitem.h">
      <Filter>Header Files</Filter>
    </ClInclude>
    <ClInclude Include="entities\slime.h">
      <Filter>Header Files</Filter>
    </ClInclude>
    <ClInclude Include="entities\entityinit.h">
      <Filter>Header Files</Filter>
    </ClInclude>
    <ClInclude Include="entities\entityspawner.h">
      <Filter>Header Files</Filter>
    </ClInclude>
    <ClInclude Include="items\slimeitem.h">
      <Filter>Header Files</Filter>
    </ClInclude>
    <ClInclude Include="block\crystaltorch.h">
      <Filter>Header Files</Filter>
    </ClInclude>
    <ClInclude Include="items\crystaltorchitem.h">
      <Filter>Header Files</Filter>
    </ClInclude>
    <ClInclude Include="player\playereat.h">
      <Filter>Header Files</Filter>
    </ClInclude>
    <ClInclude Include="items\mossitem.h">
      <Filter>Header Files</Filter>
    </ClInclude>
    <ClInclude Include="items\rope.h">
      <Filter>Header Files</Filter>
    </ClInclude>
    <ClInclude Include="block\ropeblock.h">
      <Filter>Header Files</Filter>
    </ClInclude>
    <ClInclude Include="player\playerclimb.h">
      <Filter>Header Files</Filter>
    </ClInclude>
    <ClInclude Include="block\lava.h">
      <Filter>Header Files</Filter>
    </ClInclude>
    <ClInclude Include="game\game.h">
      <Filter>Header Files</Filter>
    </ClInclude>
    <ClInclude Include="world\chunkload.h">
      <Filter>Header Files</Filter>
    </ClInclude>
    <ClInclude Include="block\obisidian.h">
      <Filter>Header Files</Filter>
    </ClInclude>
    <ClInclude Include="block\chest.h">
      <Filter>Header Files</Filter>
    </ClInclude>
    <ClInclude Include="renderer\grandrenderer.h">
      <Filter>Header Files</Filter>
    </ClInclude>
    <ClInclude Include="block\furnaceblock.h">
      <Filter>Header Files</Filter>
    </ClInclude>
    <ClInclude Include="block\ironblock.h">
      <Filter>Header Files</Filter>
    </ClInclude>
    <ClInclude Include="entities\crystaldaggers.h">
      <Filter>Header Files</Filter>
    </ClInclude>
    <ClInclude Include="entities\onhit.h">
      <Filter>Header Files</Filter>
    </ClInclude>
    <ClInclude Include="entities\rotatetovelocity.h">
      <Filter>Header Files</Filter>
    </ClInclude>
    <ClInclude Include="game\entityutil.h">
      <Filter>Header Files</Filter>
    </ClInclude>
    <ClInclude Include="items\chestitem.h">
      <Filter>Header Files</Filter>
    </ClInclude>
    <ClInclude Include="items\crystaldagger.h">
      <Filter>Header Files</Filter>
    </ClInclude>
    <ClInclude Include="items\furnaceitem.h">
      <Filter>Header Files</Filter>
    </ClInclude>
    <ClInclude Include="items\ironitem.h">
      <Filter>Header Files</Filter>
    </ClInclude>
    <ClInclude Include="items\ironoreitem.h">
      <Filter>Header Files</Filter>
    </ClInclude>
    <ClInclude Include="items\ironpick.h">
      <Filter>Header Files</Filter>
    </ClInclude>
    <ClInclude Include="items\ironsword.h">
      <Filter>Header Files</Filter>
    </ClInclude>
    <ClInclude Include="player\daggerthrow.h">
      <Filter>Header Files</Filter>
    </ClInclude>
    <ClInclude Include="entities\antifreezeboss.h">
      <Filter>Header Files</Filter>
    </ClInclude>
    <ClInclude Include="game\wormobj.h">
      <Filter>Header Files</Filter>
    </ClInclude>
  </ItemGroup>
  <ItemGroup>
    <None Include="shaders\frag1.vs" />
    <None Include="shaders\modelfragment.vs" />
    <None Include="shaders\modelvertex.vs" />
    <None Include="shaders\particlefragment.vs" />
    <None Include="shaders\particlevertex.vs" />
    <None Include="shaders\uifragment.vs" />
    <None Include="shaders\uivertex.vs" />
    <None Include="shaders\vert1.vs" />
    <None Include="shaders\spritefragment.vs" />
    <None Include="shaders\spritevert.vs">
      <Filter>Source Files</Filter>
    </None>
    <None Include="shaders\textfragment.vs" />
    <None Include="shaders\textvertex.vs" />
    <None Include="items\metalrod.h">
      <Filter>Header Files</Filter>
    </None>
  </ItemGroup>
</Project>